
Microsoft Visual Studio Solution File, Format Version 12.00
# Visual Studio Version 17
VisualStudioVersion = 17.3.32929.385
MinimumVisualStudioVersion = 10.0.40219.1
Project("{FAE04EC0-301F-11D3-BF4B-00C04F79EFBC}") = "EMedicine", "EMedicine\EMedicine.csproj", "{C2BC2E8F-26FC-43FB-8819-7B6F5290C4D6}"
EndProject
Global
	GlobalSection(SolutionConfigurationPlatforms) = preSolution
		Debug|Any CPU = Debug|Any CPU
		Release|Any CPU = Release|Any CPU
	EndGlobalSection
	GlobalSection(ProjectConfigurationPlatforms) = postSolution
		{C2BC2E8F-26FC-43FB-8819-7B6F5290C4D6}.Debug|Any CPU.ActiveCfg = Debug|Any CPU
		{C2BC2E8F-26FC-43FB-8819-7B6F5290C4D6}.Debug|Any CPU.Build.0 = Debug|Any CPU
		{C2BC2E8F-26FC-43FB-8819-7B6F5290C4D6}.Release|Any CPU.ActiveCfg = Release|Any CPU
		{C2BC2E8F-26FC-43FB-8819-7B6F5290C4D6}.Release|Any CPU.Build.0 = Release|Any CPU
	EndGlobalSection
	GlobalSection(SolutionProperties) = preSolution
		HideSolutionNode = FALSE
	EndGlobalSection
	GlobalSection(ExtensibilityGlobals) = postSolution
		SolutionGuid = {47CB682A-32DA-41E0-A20D-E169081E7B7A}
	EndGlobalSection
EndGlobal
